// !$*UTF8*$!
{
	archiveVersion = 1;
	classes = {
	};
	objectVersion = 50;
	objects = {

/* Begin PBXBuildFile section */
		9A992F672472759D0066A8E6 /* AppDelegate.swift in Sources */ = {isa = PBXBuildFile; fileRef = 9A992F662472759D0066A8E6 /* AppDelegate.swift */; };
		9A992F692472759D0066A8E6 /* SceneDelegate.swift in Sources */ = {isa = PBXBuildFile; fileRef = 9A992F682472759D0066A8E6 /* SceneDelegate.swift */; };
		9A992F6B2472759D0066A8E6 /* IndexView.swift in Sources */ = {isa = PBXBuildFile; fileRef = 9A992F6A2472759D0066A8E6 /* IndexView.swift */; };
		9A992F6D2472759F0066A8E6 /* Assets.xcassets in Resources */ = {isa = PBXBuildFile; fileRef = 9A992F6C2472759F0066A8E6 /* Assets.xcassets */; };
		9A992F702472759F0066A8E6 /* Preview Assets.xcassets in Resources */ = {isa = PBXBuildFile; fileRef = 9A992F6F2472759F0066A8E6 /* Preview Assets.xcassets */; };
		9A992F732472759F0066A8E6 /* LaunchScreen.storyboard in Resources */ = {isa = PBXBuildFile; fileRef = 9A992F712472759F0066A8E6 /* LaunchScreen.storyboard */; };
		9A992F7E247275A00066A8E6 /* DoodlesTests.swift in Sources */ = {isa = PBXBuildFile; fileRef = 9A992F7D247275A00066A8E6 /* DoodlesTests.swift */; };
		9A992F89247275A00066A8E6 /* DoodlesUITests.swift in Sources */ = {isa = PBXBuildFile; fileRef = 9A992F88247275A00066A8E6 /* DoodlesUITests.swift */; };
		9A992F97247275B50066A8E6 /* Clock.swift in Sources */ = {isa = PBXBuildFile; fileRef = 9A992F96247275B50066A8E6 /* Clock.swift */; };
		9A992F99247276500066A8E6 /* LazyView.swift in Sources */ = {isa = PBXBuildFile; fileRef = 9A992F98247276500066A8E6 /* LazyView.swift */; };
		9A992F9C2472B4AD0066A8E6 /* Clock2.swift in Sources */ = {isa = PBXBuildFile; fileRef = 9A992F9B2472B4AD0066A8E6 /* Clock2.swift */; };
/* End PBXBuildFile section */

/* Begin PBXContainerItemProxy section */
		9A992F7A247275A00066A8E6 /* PBXContainerItemProxy */ = {
			isa = PBXContainerItemProxy;
			containerPortal = 9A992F5B2472759D0066A8E6 /* Project object */;
			proxyType = 1;
			remoteGlobalIDString = 9A992F622472759D0066A8E6;
			remoteInfo = Doodles;
		};
		9A992F85247275A00066A8E6 /* PBXContainerItemProxy */ = {
			isa = PBXContainerItemProxy;
			containerPortal = 9A992F5B2472759D0066A8E6 /* Project object */;
			proxyType = 1;
			remoteGlobalIDString = 9A992F622472759D0066A8E6;
			remoteInfo = Doodles;
		};
/* End PBXContainerItemProxy section */

/* Begin PBXFileReference section */
		9A992F632472759D0066A8E6 /* Doodles.app */ = {isa = PBXFileReference; explicitFileType = wrapper.application; includeInIndex = 0; path = Doodles.app; sourceTree = BUILT_PRODUCTS_DIR; };
		9A992F662472759D0066A8E6 /* AppDelegate.swift */ = {isa = PBXFileReference; lastKnownFileType = sourcecode.swift; path = AppDelegate.swift; sourceTree = "<group>"; };
		9A992F682472759D0066A8E6 /* SceneDelegate.swift */ = {isa = PBXFileReference; lastKnownFileType = sourcecode.swift; path = SceneDelegate.swift; sourceTree = "<group>"; };
		9A992F6A2472759D0066A8E6 /* IndexView.swift */ = {isa = PBXFileReference; lastKnownFileType = sourcecode.swift; path = IndexView.swift; sourceTree = "<group>"; };
		9A992F6C2472759F0066A8E6 /* Assets.xcassets */ = {isa = PBXFileReference; lastKnownFileType = folder.assetcatalog; path = Assets.xcassets; sourceTree = "<group>"; };
		9A992F6F2472759F0066A8E6 /* Preview Assets.xcassets */ = {isa = PBXFileReference; lastKnownFileType = folder.assetcatalog; path = "Preview Assets.xcassets"; sourceTree = "<group>"; };
		9A992F722472759F0066A8E6 /* Base */ = {isa = PBXFileReference; lastKnownFileType = file.storyboard; name = Base; path = Base.lproj/LaunchScreen.storyboard; sourceTree = "<group>"; };
		9A992F742472759F0066A8E6 /* Info.plist */ = {isa = PBXFileReference; lastKnownFileType = text.plist.xml; path = Info.plist; sourceTree = "<group>"; };
		9A992F79247275A00066A8E6 /* DoodlesTests.xctest */ = {isa = PBXFileReference; explicitFileType = wrapper.cfbundle; includeInIndex = 0; path = DoodlesTests.xctest; sourceTree = BUILT_PRODUCTS_DIR; };
		9A992F7D247275A00066A8E6 /* DoodlesTests.swift */ = {isa = PBXFileReference; lastKnownFileType = sourcecode.swift; path = DoodlesTests.swift; sourceTree = "<group>"; };
		9A992F7F247275A00066A8E6 /* Info.plist */ = {isa = PBXFileReference; lastKnownFileType = text.plist.xml; path = Info.plist; sourceTree = "<group>"; };
		9A992F84247275A00066A8E6 /* DoodlesUITests.xctest */ = {isa = PBXFileReference; explicitFileType = wrapper.cfbundle; includeInIndex = 0; path = DoodlesUITests.xctest; sourceTree = BUILT_PRODUCTS_DIR; };
		9A992F88247275A00066A8E6 /* DoodlesUITests.swift */ = {isa = PBXFileReference; lastKnownFileType = sourcecode.swift; path = DoodlesUITests.swift; sourceTree = "<group>"; };
		9A992F8A247275A00066A8E6 /* Info.plist */ = {isa = PBXFileReference; lastKnownFileType = text.plist.xml; path = Info.plist; sourceTree = "<group>"; };
		9A992F96247275B50066A8E6 /* Clock.swift */ = {isa = PBXFileReference; fileEncoding = 4; lastKnownFileType = sourcecode.swift; path = Clock.swift; sourceTree = "<group>"; };
		9A992F98247276500066A8E6 /* LazyView.swift */ = {isa = PBXFileReference; fileEncoding = 4; lastKnownFileType = sourcecode.swift; path = LazyView.swift; sourceTree = "<group>"; };
		9A992F9A247279630066A8E6 /* Doodles.entitlements */ = {isa = PBXFileReference; lastKnownFileType = text.plist.entitlements; path = Doodles.entitlements; sourceTree = "<group>"; };
		9A992F9B2472B4AD0066A8E6 /* Clock2.swift */ = {isa = PBXFileReference; fileEncoding = 4; lastKnownFileType = sourcecode.swift; path = Clock2.swift; sourceTree = "<group>"; };
/* End PBXFileReference section */

/* Begin PBXFrameworksBuildPhase section */
		9A992F602472759D0066A8E6 /* Frameworks */ = {
			isa = PBXFrameworksBuildPhase;
			buildActionMask = 2147483647;
			files = (
			);
			runOnlyForDeploymentPostprocessing = 0;
		};
		9A992F76247275A00066A8E6 /* Frameworks */ = {
			isa = PBXFrameworksBuildPhase;
			buildActionMask = 2147483647;
			files = (
			);
			runOnlyForDeploymentPostprocessing = 0;
		};
		9A992F81247275A00066A8E6 /* Frameworks */ = {
			isa = PBXFrameworksBuildPhase;
			buildActionMask = 2147483647;
			files = (
			);
			runOnlyForDeploymentPostprocessing = 0;
		};
/* End PBXFrameworksBuildPhase section */

/* Begin PBXGroup section */
		9A992F5A2472759D0066A8E6 = {
			isa = PBXGroup;
			children = (
				9A992F652472759D0066A8E6 /* Doodles */,
				9A992F7C247275A00066A8E6 /* DoodlesTests */,
				9A992F87247275A00066A8E6 /* DoodlesUITests */,
				9A992F642472759D0066A8E6 /* Products */,
			);
			sourceTree = "<group>";
		};
		9A992F642472759D0066A8E6 /* Products */ = {
			isa = PBXGroup;
			children = (
				9A992F632472759D0066A8E6 /* Doodles.app */,
				9A992F79247275A00066A8E6 /* DoodlesTests.xctest */,
				9A992F84247275A00066A8E6 /* DoodlesUITests.xctest */,
			);
			name = Products;
			sourceTree = "<group>";
		};
		9A992F652472759D0066A8E6 /* Doodles */ = {
			isa = PBXGroup;
			children = (
				9A992F9A247279630066A8E6 /* Doodles.entitlements */,
				9A992F662472759D0066A8E6 /* AppDelegate.swift */,
				9A992F682472759D0066A8E6 /* SceneDelegate.swift */,
				9A992F6A2472759D0066A8E6 /* IndexView.swift */,
				9A992F96247275B50066A8E6 /* Clock.swift */,
				9A992F9B2472B4AD0066A8E6 /* Clock2.swift */,
				9A992F98247276500066A8E6 /* LazyView.swift */,
				9A992F6C2472759F0066A8E6 /* Assets.xcassets */,
				9A992F712472759F0066A8E6 /* LaunchScreen.storyboard */,
				9A992F742472759F0066A8E6 /* Info.plist */,
				9A992F6E2472759F0066A8E6 /* Preview Content */,
			);
			path = Doodles;
			sourceTree = "<group>";
		};
		9A992F6E2472759F0066A8E6 /* Preview Content */ = {
			isa = PBXGroup;
			children = (
				9A992F6F2472759F0066A8E6 /* Preview Assets.xcassets */,
			);
			path = "Preview Content";
			sourceTree = "<group>";
		};
		9A992F7C247275A00066A8E6 /* DoodlesTests */ = {
			isa = PBXGroup;
			children = (
				9A992F7D247275A00066A8E6 /* DoodlesTests.swift */,
				9A992F7F247275A00066A8E6 /* Info.plist */,
			);
			path = DoodlesTests;
			sourceTree = "<group>";
		};
		9A992F87247275A00066A8E6 /* DoodlesUITests */ = {
			isa = PBXGroup;
			children = (
				9A992F88247275A00066A8E6 /* DoodlesUITests.swift */,
				9A992F8A247275A00066A8E6 /* Info.plist */,
			);
			path = DoodlesUITests;
			sourceTree = "<group>";
		};
/* End PBXGroup section */

/* Begin PBXNativeTarget section */
		9A992F622472759D0066A8E6 /* Doodles */ = {
			isa = PBXNativeTarget;
			buildConfigurationList = 9A992F8D247275A00066A8E6 /* Build configuration list for PBXNativeTarget "Doodles" */;
			buildPhases = (
				9A992F5F2472759D0066A8E6 /* Sources */,
				9A992F602472759D0066A8E6 /* Frameworks */,
				9A992F612472759D0066A8E6 /* Resources */,
			);
			buildRules = (
			);
			dependencies = (
			);
			name = Doodles;
			productName = Doodles;
			productReference = 9A992F632472759D0066A8E6 /* Doodles.app */;
			productType = "com.apple.product-type.application";
		};
		9A992F78247275A00066A8E6 /* DoodlesTests */ = {
			isa = PBXNativeTarget;
			buildConfigurationList = 9A992F90247275A00066A8E6 /* Build configuration list for PBXNativeTarget "DoodlesTests" */;
			buildPhases = (
				9A992F75247275A00066A8E6 /* Sources */,
				9A992F76247275A00066A8E6 /* Frameworks */,
				9A992F77247275A00066A8E6 /* Resources */,
			);
			buildRules = (
			);
			dependencies = (
				9A992F7B247275A00066A8E6 /* PBXTargetDependency */,
			);
			name = DoodlesTests;
			productName = DoodlesTests;
			productReference = 9A992F79247275A00066A8E6 /* DoodlesTests.xctest */;
			productType = "com.apple.product-type.bundle.unit-test";
		};
		9A992F83247275A00066A8E6 /* DoodlesUITests */ = {
			isa = PBXNativeTarget;
			buildConfigurationList = 9A992F93247275A00066A8E6 /* Build configuration list for PBXNativeTarget "DoodlesUITests" */;
			buildPhases = (
				9A992F80247275A00066A8E6 /* Sources */,
				9A992F81247275A00066A8E6 /* Frameworks */,
				9A992F82247275A00066A8E6 /* Resources */,
			);
			buildRules = (
			);
			dependencies = (
				9A992F86247275A00066A8E6 /* PBXTargetDependency */,
			);
			name = DoodlesUITests;
			productName = DoodlesUITests;
			productReference = 9A992F84247275A00066A8E6 /* DoodlesUITests.xctest */;
			productType = "com.apple.product-type.bundle.ui-testing";
		};
/* End PBXNativeTarget section */

/* Begin PBXProject section */
		9A992F5B2472759D0066A8E6 /* Project object */ = {
			isa = PBXProject;
			attributes = {
				LastSwiftUpdateCheck = 1140;
				LastUpgradeCheck = 1140;
				ORGANIZATIONNAME = "iPhonso GmbH";
				TargetAttributes = {
					9A992F622472759D0066A8E6 = {
						CreatedOnToolsVersion = 11.4.1;
					};
					9A992F78247275A00066A8E6 = {
						CreatedOnToolsVersion = 11.4.1;
						TestTargetID = 9A992F622472759D0066A8E6;
					};
					9A992F83247275A00066A8E6 = {
						CreatedOnToolsVersion = 11.4.1;
						TestTargetID = 9A992F622472759D0066A8E6;
					};
				};
			};
			buildConfigurationList = 9A992F5E2472759D0066A8E6 /* Build configuration list for PBXProject "Doodles" */;
			compatibilityVersion = "Xcode 9.3";
			developmentRegion = en;
			hasScannedForEncodings = 0;
			knownRegions = (
				en,
				Base,
			);
			mainGroup = 9A992F5A2472759D0066A8E6;
			productRefGroup = 9A992F642472759D0066A8E6 /* Products */;
			projectDirPath = "";
			projectRoot = "";
			targets = (
				9A992F622472759D0066A8E6 /* Doodles */,
				9A992F78247275A00066A8E6 /* DoodlesTests */,
				9A992F83247275A00066A8E6 /* DoodlesUITests */,
			);
		};
/* End PBXProject section */

/* Begin PBXResourcesBuildPhase section */
		9A992F612472759D0066A8E6 /* Resources */ = {
			isa = PBXResourcesBuildPhase;
			buildActionMask = 2147483647;
			files = (
				9A992F732472759F0066A8E6 /* LaunchScreen.storyboard in Resources */,
				9A992F702472759F0066A8E6 /* Preview Assets.xcassets in Resources */,
				9A992F6D2472759F0066A8E6 /* Assets.xcassets in Resources */,
			);
			runOnlyForDeploymentPostprocessing = 0;
		};
		9A992F77247275A00066A8E6 /* Resources */ = {
			isa = PBXResourcesBuildPhase;
			buildActionMask = 2147483647;
			files = (
			);
			runOnlyForDeploymentPostprocessing = 0;
		};
		9A992F82247275A00066A8E6 /* Resources */ = {
			isa = PBXResourcesBuildPhase;
			buildActionMask = 2147483647;
			files = (
			);
			runOnlyForDeploymentPostprocessing = 0;
		};
/* End PBXResourcesBuildPhase section */

/* Begin PBXSourcesBuildPhase section */
		9A992F5F2472759D0066A8E6 /* Sources */ = {
			isa = PBXSourcesBuildPhase;
			buildActionMask = 2147483647;
			files = (
				9A992F672472759D0066A8E6 /* AppDelegate.swift in Sources */,
				9A992F9C2472B4AD0066A8E6 /* Clock2.swift in Sources */,
				9A992F692472759D0066A8E6 /* SceneDelegate.swift in Sources */,
				9A992F97247275B50066A8E6 /* Clock.swift in Sources */,
				9A992F99247276500066A8E6 /* LazyView.swift in Sources */,
				9A992F6B2472759D0066A8E6 /* IndexView.swift in Sources */,
			);
			runOnlyForDeploymentPostprocessing = 0;
		};
		9A992F75247275A00066A8E6 /* Sources */ = {
			isa = PBXSourcesBuildPhase;
			buildActionMask = 2147483647;
			files = (
				9A992F7E247275A00066A8E6 /* DoodlesTests.swift in Sources */,
			);
			runOnlyForDeploymentPostprocessing = 0;
		};
		9A992F80247275A00066A8E6 /* Sources */ = {
			isa = PBXSourcesBuildPhase;
			buildActionMask = 2147483647;
			files = (
				9A992F89247275A00066A8E6 /* DoodlesUITests.swift in Sources */,
			);
			runOnlyForDeploymentPostprocessing = 0;
		};
/* End PBXSourcesBuildPhase section */

/* Begin PBXTargetDependency section */
		9A992F7B247275A00066A8E6 /* PBXTargetDependency */ = {
			isa = PBXTargetDependency;
			target = 9A992F622472759D0066A8E6 /* Doodles */;
			targetProxy = 9A992F7A247275A00066A8E6 /* PBXContainerItemProxy */;
		};
		9A992F86247275A00066A8E6 /* PBXTargetDependency */ = {
			isa = PBXTargetDependency;
			target = 9A992F622472759D0066A8E6 /* Doodles */;
			targetProxy = 9A992F85247275A00066A8E6 /* PBXContainerItemProxy */;
		};
/* End PBXTargetDependency section */

/* Begin PBXVariantGroup section */
		9A992F712472759F0066A8E6 /* LaunchScreen.storyboard */ = {
			isa = PBXVariantGroup;
			children = (
				9A992F722472759F0066A8E6 /* Base */,
			);
			name = LaunchScreen.storyboard;
			sourceTree = "<group>";
		};
/* End PBXVariantGroup section */

/* Begin XCBuildConfiguration section */
		9A992F8B247275A00066A8E6 /* Debug */ = {
			isa = XCBuildConfiguration;
			buildSettings = {
				ALWAYS_SEARCH_USER_PATHS = NO;
				CLANG_ANALYZER_NONNULL = YES;
				CLANG_ANALYZER_NUMBER_OBJECT_CONVERSION = YES_AGGRESSIVE;
				CLANG_CXX_LANGUAGE_STANDARD = "gnu++14";
				CLANG_CXX_LIBRARY = "libc++";
				CLANG_ENABLE_MODULES = YES;
				CLANG_ENABLE_OBJC_ARC = YES;
				CLANG_ENABLE_OBJC_WEAK = YES;
				CLANG_WARN_BLOCK_CAPTURE_AUTORELEASING = YES;
				CLANG_WARN_BOOL_CONVERSION = YES;
				CLANG_WARN_COMMA = YES;
				CLANG_WARN_CONSTANT_CONVERSION = YES;
				CLANG_WARN_DEPRECATED_OBJC_IMPLEMENTATIONS = YES;
				CLANG_WARN_DIRECT_OBJC_ISA_USAGE = YES_ERROR;
				CLANG_WARN_DOCUMENTATION_COMMENTS = YES;
				CLANG_WARN_EMPTY_BODY = YES;
				CLANG_WARN_ENUM_CONVERSION = YES;
				CLANG_WARN_INFINITE_RECURSION = YES;
				CLANG_WARN_INT_CONVERSION = YES;
				CLANG_WARN_NON_LITERAL_NULL_CONVERSION = YES;
				CLANG_WARN_OBJC_IMPLICIT_RETAIN_SELF = YES;
				CLANG_WARN_OBJC_LITERAL_CONVERSION = YES;
				CLANG_WARN_OBJC_ROOT_CLASS = YES_ERROR;
				CLANG_WARN_RANGE_LOOP_ANALYSIS = YES;
				CLANG_WARN_STRICT_PROTOTYPES = YES;
				CLANG_WARN_SUSPICIOUS_MOVE = YES;
				CLANG_WARN_UNGUARDED_AVAILABILITY = YES_AGGRESSIVE;
				CLANG_WARN_UNREACHABLE_CODE = YES;
				CLANG_WARN__DUPLICATE_METHOD_MATCH = YES;
				COPY_PHASE_STRIP = NO;
				DEBUG_INFORMATION_FORMAT = dwarf;
				ENABLE_STRICT_OBJC_MSGSEND = YES;
				ENABLE_TESTABILITY = YES;
				GCC_C_LANGUAGE_STANDARD = gnu11;
				GCC_DYNAMIC_NO_PIC = NO;
				GCC_NO_COMMON_BLOCKS = YES;
				GCC_OPTIMIZATION_LEVEL = 0;
				GCC_PREPROCESSOR_DEFINITIONS = (
					"DEBUG=1",
					"$(inherited)",
				);
				GCC_WARN_64_TO_32_BIT_CONVERSION = YES;
				GCC_WARN_ABOUT_RETURN_TYPE = YES_ERROR;
				GCC_WARN_UNDECLARED_SELECTOR = YES;
				GCC_WARN_UNINITIALIZED_AUTOS = YES_AGGRESSIVE;
				GCC_WARN_UNUSED_FUNCTION = YES;
				GCC_WARN_UNUSED_VARIABLE = YES;
				IPHONEOS_DEPLOYMENT_TARGET = 13.4;
				MTL_ENABLE_DEBUG_INFO = INCLUDE_SOURCE;
				MTL_FAST_MATH = YES;
				ONLY_ACTIVE_ARCH = YES;
				SDKROOT = iphoneos;
				SWIFT_ACTIVE_COMPILATION_CONDITIONS = DEBUG;
				SWIFT_OPTIMIZATION_LEVEL = "-Onone";
			};
			name = Debug;
		};
		9A992F8C247275A00066A8E6 /* Release */ = {
			isa = XCBuildConfiguration;
			buildSettings = {
				ALWAYS_SEARCH_USER_PATHS = NO;
				CLANG_ANALYZER_NONNULL = YES;
				CLANG_ANALYZER_NUMBER_OBJECT_CONVERSION = YES_AGGRESSIVE;
				CLANG_CXX_LANGUAGE_STANDARD = "gnu++14";
				CLANG_CXX_LIBRARY = "libc++";
				CLANG_ENABLE_MODULES = YES;
				CLANG_ENABLE_OBJC_ARC = YES;
				CLANG_ENABLE_OBJC_WEAK = YES;
				CLANG_WARN_BLOCK_CAPTURE_AUTORELEASING = YES;
				CLANG_WARN_BOOL_CONVERSION = YES;
				CLANG_WARN_COMMA = YES;
				CLANG_WARN_CONSTANT_CONVERSION = YES;
				CLANG_WARN_DEPRECATED_OBJC_IMPLEMENTATIONS = YES;
				CLANG_WARN_DIRECT_OBJC_ISA_USAGE = YES_ERROR;
				CLANG_WARN_DOCUMENTATION_COMMENTS = YES;
				CLANG_WARN_EMPTY_BODY = YES;
				CLANG_WARN_ENUM_CONVERSION = YES;
				CLANG_WARN_INFINITE_RECURSION = YES;
				CLANG_WARN_INT_CONVERSION = YES;
				CLANG_WARN_NON_LITERAL_NULL_CONVERSION = YES;
				CLANG_WARN_OBJC_IMPLICIT_RETAIN_SELF = YES;
				CLANG_WARN_OBJC_LITERAL_CONVERSION = YES;
				CLANG_WARN_OBJC_ROOT_CLASS = YES_ERROR;
				CLANG_WARN_RANGE_LOOP_ANALYSIS = YES;
				CLANG_WARN_STRICT_PROTOTYPES = YES;
				CLANG_WARN_SUSPICIOUS_MOVE = YES;
				CLANG_WARN_UNGUARDED_AVAILABILITY = YES_AGGRESSIVE;
				CLANG_WARN_UNREACHABLE_CODE = YES;
				CLANG_WARN__DUPLICATE_METHOD_MATCH = YES;
				COPY_PHASE_STRIP = NO;
				DEBUG_INFORMATION_FORMAT = "dwarf-with-dsym";
				ENABLE_NS_ASSERTIONS = NO;
				ENABLE_STRICT_OBJC_MSGSEND = YES;
				GCC_C_LANGUAGE_STANDARD = gnu11;
				GCC_NO_COMMON_BLOCKS = YES;
				GCC_WARN_64_TO_32_BIT_CONVERSION = YES;
				GCC_WARN_ABOUT_RETURN_TYPE = YES_ERROR;
				GCC_WARN_UNDECLARED_SELECTOR = YES;
				GCC_WARN_UNINITIALIZED_AUTOS = YES_AGGRESSIVE;
				GCC_WARN_UNUSED_FUNCTION = YES;
				GCC_WARN_UNUSED_VARIABLE = YES;
				IPHONEOS_DEPLOYMENT_TARGET = 13.4;
				MTL_ENABLE_DEBUG_INFO = NO;
				MTL_FAST_MATH = YES;
				SDKROOT = iphoneos;
				SWIFT_COMPILATION_MODE = wholemodule;
				SWIFT_OPTIMIZATION_LEVEL = "-O";
				VALIDATE_PRODUCT = YES;
			};
			name = Release;
		};
		9A992F8E247275A00066A8E6 /* Debug */ = {
			isa = XCBuildConfiguration;
			buildSettings = {
				ASSETCATALOG_COMPILER_APPICON_NAME = AppIcon;
				CODE_SIGN_ENTITLEMENTS = Doodles/Doodles.entitlements;
				CODE_SIGN_STYLE = Automatic;
				DEVELOPMENT_ASSET_PATHS = "\"Doodles/Preview Content\"";
				DEVELOPMENT_TEAM = LAA69LK8PF;
				ENABLE_PREVIEWS = YES;
				INFOPLIST_FILE = Doodles/Info.plist;
				LD_RUNPATH_SEARCH_PATHS = (
					"$(inherited)",
					"@executable_path/Frameworks",
				);
				PRODUCT_BUNDLE_IDENTIFIER = com.iphonso.Doodles;
				PRODUCT_NAME = "$(TARGET_NAME)";
				SUPPORTS_MACCATALYST = YES;
				SWIFT_VERSION = 5.0;
				TARGETED_DEVICE_FAMILY = "1,2";
			};
			name = Debug;
		};
		9A992F8F247275A00066A8E6 /* Release */ = {
			isa = XCBuildConfiguration;
			buildSettings = {
				ASSETCATALOG_COMPILER_APPICON_NAME = AppIcon;
				CODE_SIGN_ENTITLEMENTS = Doodles/Doodles.entitlements;
				CODE_SIGN_STYLE = Automatic;
				DEVELOPMENT_ASSET_PATHS = "\"Doodles/Preview Content\"";
				DEVELOPMENT_TEAM = LAA69LK8PF;
				ENABLE_PREVIEWS = YES;
				INFOPLIST_FILE = Doodles/Info.plist;
				LD_RUNPATH_SEARCH_PATHS = (
					"$(inherited)",
					"@executable_path/Frameworks",
				);
				PRODUCT_BUNDLE_IDENTIFIER = com.iphonso.Doodles;
				PRODUCT_NAME = "$(TARGET_NAME)";
				SUPPORTS_MACCATALYST = YES;
				SWIFT_VERSION = 5.0;
				TARGETED_DEVICE_FAMILY = "1,2";
			};
			name = Release;
		};
		9A992F91247275A00066A8E6 /* Debug */ = {
			isa = XCBuildConfiguration;
			buildSettings = {
				ALWAYS_EMBED_SWIFT_STANDARD_LIBRARIES = YES;
				BUNDLE_LOADER = "$(TEST_HOST)";
				CODE_SIGN_STYLE = Automatic;
				DEVELOPMENT_TEAM = LAA69LK8PF;
				INFOPLIST_FILE = DoodlesTests/Info.plist;
				IPHONEOS_DEPLOYMENT_TARGET = 13.4;
				LD_RUNPATH_SEARCH_PATHS = (
					"$(inherited)",
					"@executable_path/Frameworks",
					"@loader_path/Frameworks",
				);
				PRODUCT_BUNDLE_IDENTIFIER = com.iphonso.DoodlesTests;
				PRODUCT_NAME = "$(TARGET_NAME)";
				SWIFT_VERSION = 5.0;
				TARGETED_DEVICE_FAMILY = "1,2";
				TEST_HOST = "$(BUILT_PRODUCTS_DIR)/Doodles.app/Doodles";
			};
			name = Debug;
		};
		9A992F92247275A00066A8E6 /* Release */ = {
			isa = XCBuildConfiguration;
			buildSettings = {
				ALWAYS_EMBED_SWIFT_STANDARD_LIBRARIES = YES;
				BUNDLE_LOADER = "$(TEST_HOST)";
				CODE_SIGN_STYLE = Automatic;
				DEVELOPMENT_TEAM = LAA69LK8PF;
				INFOPLIST_FILE = DoodlesTests/Info.plist;
				IPHONEOS_DEPLOYMENT_TARGET = 13.4;
				LD_RUNPATH_SEARCH_PATHS = (
					"$(inherited)",
					"@executable_path/Frameworks",
					"@loader_path/Frameworks",
				);
				PRODUCT_BUNDLE_IDENTIFIER = com.iphonso.DoodlesTests;
				PRODUCT_NAME = "$(TARGET_NAME)";
				SWIFT_VERSION = 5.0;
				TARGETED_DEVICE_FAMILY = "1,2";
				TEST_HOST = "$(BUILT_PRODUCTS_DIR)/Doodles.app/Doodles";
			};
			name = Release;
		};
		9A992F94247275A00066A8E6 /* Debug */ = {
			isa = XCBuildConfiguration;
			buildSettings = {
				ALWAYS_EMBED_SWIFT_STANDARD_LIBRARIES = YES;
				CODE_SIGN_STYLE = Automatic;
				DEVELOPMENT_TEAM = LAA69LK8PF;
				INFOPLIST_FILE = DoodlesUITests/Info.plist;
				LD_RUNPATH_SEARCH_PATHS = (
					"$(inherited)",
					"@executable_path/Frameworks",
					"@loader_path/Frameworks",
				);
				PRODUCT_BUNDLE_IDENTIFIER = com.iphonso.DoodlesUITests;
				PRODUCT_NAME = "$(TARGET_NAME)";
				SWIFT_VERSION = 5.0;
				TARGETED_DEVICE_FAMILY = "1,2";
				TEST_TARGET_NAME = Doodles;
			};
			name = Debug;
		};
		9A992F95247275A00066A8E6 /* Release */ = {
			isa = XCBuildConfiguration;
			buildSettings = {
				ALWAYS_EMBED_SWIFT_STANDARD_LIBRARIES = YES;
				CODE_SIGN_STYLE = Automatic;
				DEVELOPMENT_TEAM = LAA69LK8PF;
				INFOPLIST_FILE = DoodlesUITests/Info.plist;
				LD_RUNPATH_SEARCH_PATHS = (
					"$(inherited)",
					"@executable_path/Frameworks",
					"@loader_path/Frameworks",
				);
				PRODUCT_BUNDLE_IDENTIFIER = com.iphonso.DoodlesUITests;
				PRODUCT_NAME = "$(TARGET_NAME)";
				SWIFT_VERSION = 5.0;
				TARGETED_DEVICE_FAMILY = "1,2";
				TEST_TARGET_NAME = Doodles;
			};
			name = Release;
		};
/* End XCBuildConfiguration section */

/* Begin XCConfigurationList section */
		9A992F5E2472759D0066A8E6 /* Build configuration list for PBXProject "Doodles" */ = {
			isa = XCConfigurationList;
			buildConfigurations = (
				9A992F8B247275A00066A8E6 /* Debug */,
				9A992F8C247275A00066A8E6 /* Release */,
			);
			defaultConfigurationIsVisible = 0;
			defaultConfigurationName = Release;
		};
		9A992F8D247275A00066A8E6 /* Build configuration list for PBXNativeTarget "Doodles" */ = {
			isa = XCConfigurationList;
			buildConfigurations = (
				9A992F8E247275A00066A8E6 /* Debug */,
				9A992F8F247275A00066A8E6 /* Release */,
			);
			defaultConfigurationIsVisible = 0;
			defaultConfigurationName = Release;
		};
		9A992F90247275A00066A8E6 /* Build configuration list for PBXNativeTarget "DoodlesTests" */ = {
			isa = XCConfigurationList;
			buildConfigurations = (
				9A992F91247275A00066A8E6 /* Debug */,
				9A992F92247275A00066A8E6 /* Release */,
			);
			defaultConfigurationIsVisible = 0;
			defaultConfigurationName = Release;
		};
		9A992F93247275A00066A8E6 /* Build configuration list for PBXNativeTarget "DoodlesUITests" */ = {
			isa = XCConfigurationList;
			buildConfigurations = (
				9A992F94247275A00066A8E6 /* Debug */,
				9A992F95247275A00066A8E6 /* Release */,
			);
			defaultConfigurationIsVisible = 0;
			defaultConfigurationName = Release;
		};
/* End XCConfigurationList section */
	};
	rootObject = 9A992F5B2472759D0066A8E6 /* Project object */;
}
